{
  "version": "4",
  "specifiers": {
    "jsr:@std/assert@1.0.6": "1.0.6",
    "jsr:@std/internal@^1.0.4": "1.0.4"
  },
  "jsr": {
    "@std/assert@1.0.6": {
      "integrity": "1904c05806a25d94fe791d6d883b685c9e2dcd60e4f9fc30f4fc5cf010c72207",
      "dependencies": [
        "jsr:@std/internal"
      ]
    },
    "@std/internal@1.0.4": {
      "integrity": "62e8e4911527e5e4f307741a795c0b0a9e6958d0b3790716ae71ce085f755422"
    }
  },
  "remote": {
    "https://raw.githubusercontent.com/i-xi-dev/type.es/3.0.0/mod.ts": "7ea70ca71f9b5651635131e6acba7fd34e61aeefd78e87063aa2e7abe89ce3f0",
    "https://raw.githubusercontent.com/i-xi-dev/type.es/3.0.0/src/bigint_type.ts": "89b7677744ff91dc28c1b3d9ffe1a6fd1ac77c54c20bad8cab394a918477a2e2",
    "https://raw.githubusercontent.com/i-xi-dev/type.es/3.0.0/src/char_type.ts": "5b3dc3f37d50ce623364754aa23f5b1661c850304c06828b07394cc91f937e84",
    "https://raw.githubusercontent.com/i-xi-dev/type.es/3.0.0/src/integer_type.ts": "f8ce398b49ead73f250fea57569e66a475fcb3b705d57684dcdbb8f42e446a4a",
    "https://raw.githubusercontent.com/i-xi-dev/type.es/3.0.0/src/number_type.ts": "ce7c763633c3be66376b08cc5bfb7a989615e8783c40e113d340b6db3d6dcac1",
    "https://raw.githubusercontent.com/i-xi-dev/type.es/3.0.0/src/numeric_type.ts": "7ce9c93347c97fd3eee6adae25f578ac59b7d5d03dbb89546d4cdcd6e28fc0b0",
    "https://raw.githubusercontent.com/i-xi-dev/type.es/3.0.0/src/numerics.ts": "838420f74292349ccc655b541d35e715d58a00a207497eadb0ac3fd71212606f",
    "https://raw.githubusercontent.com/i-xi-dev/type.es/3.0.0/src/object_type.ts": "e143c106a88957acf813a6845b812857c6cbb1932309065d883cab5e5b60524e",
    "https://raw.githubusercontent.com/i-xi-dev/type.es/3.0.0/src/rune_type.ts": "a1af93056993e15590d7b2a8469c7d093bbdb404cf7e478dc4d5ab15093e0f23",
    "https://raw.githubusercontent.com/i-xi-dev/type.es/3.0.0/src/safe_integer_type.ts": "013f35ed9c2fe1466b29dd4f5bfeec25e92a733750e9a5e3a306ff91399c5aff",
    "https://raw.githubusercontent.com/i-xi-dev/type.es/3.0.0/src/string_type.ts": "e7dcaf1d547627a39b8cc4f3ccac823a94ee0e41eba8aff2e4ad4d407ea71184"
  }
}
